// !$*UTF8*$!
{
	archiveVersion = 1;
	classes = {
	};
	objectVersion = 50;
	objects = {

/* Begin PBXBuildFile section */
		620B28572135DB0C00F8D6F4 /* AppDelegate.swift in Sources */ = {isa = PBXBuildFile; fileRef = 620B28562135DB0C00F8D6F4 /* AppDelegate.swift */; };
		620B28592135DB0C00F8D6F4 /* MainTabController.swift in Sources */ = {isa = PBXBuildFile; fileRef = 620B28582135DB0C00F8D6F4 /* MainTabController.swift */; };
		620B285C2135DB0C00F8D6F4 /* Main.storyboard in Resources */ = {isa = PBXBuildFile; fileRef = 620B285A2135DB0C00F8D6F4 /* Main.storyboard */; };
		620B285E2135DB0D00F8D6F4 /* Assets.xcassets in Resources */ = {isa = PBXBuildFile; fileRef = 620B285D2135DB0D00F8D6F4 /* Assets.xcassets */; };
		620B28612135DB0D00F8D6F4 /* LaunchScreen.storyboard in Resources */ = {isa = PBXBuildFile; fileRef = 620B285F2135DB0D00F8D6F4 /* LaunchScreen.storyboard */; };
		620B286D2135DF4900F8D6F4 /* MapTracking.storyboard in Resources */ = {isa = PBXBuildFile; fileRef = 620B286C2135DF4900F8D6F4 /* MapTracking.storyboard */; };
		620B286F2135DFFB00F8D6F4 /* Journeys.storyboard in Resources */ = {isa = PBXBuildFile; fileRef = 620B286E2135DFFB00F8D6F4 /* Journeys.storyboard */; };
		620B28752135E33E00F8D6F4 /* MapTrackingViewController.swift in Sources */ = {isa = PBXBuildFile; fileRef = 620B28742135E33E00F8D6F4 /* MapTrackingViewController.swift */; };
		620B28772135E34F00F8D6F4 /* JourneysViewController.swift in Sources */ = {isa = PBXBuildFile; fileRef = 620B28762135E34F00F8D6F4 /* JourneysViewController.swift */; };
		620B28902136FAF000F8D6F4 /* Journey.swift in Sources */ = {isa = PBXBuildFile; fileRef = 620B288F2136FAF000F8D6F4 /* Journey.swift */; };
		620B28942136FB7600F8D6F4 /* Coordinates.swift in Sources */ = {isa = PBXBuildFile; fileRef = 620B28932136FB7600F8D6F4 /* Coordinates.swift */; };
		620B28962136FDFC00F8D6F4 /* DatabaseManager.swift in Sources */ = {isa = PBXBuildFile; fileRef = 620B28952136FDFC00F8D6F4 /* DatabaseManager.swift */; };
		620B28982136FF5D00F8D6F4 /* DatabaseManager+BasicOperations.swift in Sources */ = {isa = PBXBuildFile; fileRef = 620B28972136FF5D00F8D6F4 /* DatabaseManager+BasicOperations.swift */; };
		620B289B2136FFE900F8D6F4 /* JourneyCreater.swift in Sources */ = {isa = PBXBuildFile; fileRef = 620B289A2136FFE900F8D6F4 /* JourneyCreater.swift */; };
		620B289D2136FFF800F8D6F4 /* JourneyProvider.swift in Sources */ = {isa = PBXBuildFile; fileRef = 620B289C2136FFF800F8D6F4 /* JourneyProvider.swift */; };
		620B289F2137020300F8D6F4 /* DatabaseManager+Journey.swift in Sources */ = {isa = PBXBuildFile; fileRef = 620B289E2137020300F8D6F4 /* DatabaseManager+Journey.swift */; };
		620B28A321371A3200F8D6F4 /* JourneyTableViewCell.swift in Sources */ = {isa = PBXBuildFile; fileRef = 620B28A221371A3200F8D6F4 /* JourneyTableViewCell.swift */; };
		620B28B3213885F000F8D6F4 /* JourneysTableViewHeaderView.xib in Resources */ = {isa = PBXBuildFile; fileRef = 620B28B2213885F000F8D6F4 /* JourneysTableViewHeaderView.xib */; };
		620B28B5213886AA00F8D6F4 /* JourneysTableViewHeaderView.swift in Sources */ = {isa = PBXBuildFile; fileRef = 620B28B4213886AA00F8D6F4 /* JourneysTableViewHeaderView.swift */; };
		620B28B921388BAA00F8D6F4 /* Journey.storyboard in Resources */ = {isa = PBXBuildFile; fileRef = 620B28B821388BAA00F8D6F4 /* Journey.storyboard */; };
		620B28BB21388BBF00F8D6F4 /* JourneyViewController.swift in Sources */ = {isa = PBXBuildFile; fileRef = 620B28BA21388BBF00F8D6F4 /* JourneyViewController.swift */; };
		C2EA54CF7971C8C1DDBFBE28 /* Pods_My_Journey.framework in Frameworks */ = {isa = PBXBuildFile; fileRef = BED38306C5B78D722466DD90 /* Pods_My_Journey.framework */; };
/* End PBXBuildFile section */

/* Begin PBXFileReference section */
		620B28532135DB0C00F8D6F4 /* My Journey.app */ = {isa = PBXFileReference; explicitFileType = wrapper.application; includeInIndex = 0; path = "My Journey.app"; sourceTree = BUILT_PRODUCTS_DIR; };
		620B28562135DB0C00F8D6F4 /* AppDelegate.swift */ = {isa = PBXFileReference; lastKnownFileType = sourcecode.swift; path = AppDelegate.swift; sourceTree = "<group>"; };
		620B28582135DB0C00F8D6F4 /* MainTabController.swift */ = {isa = PBXFileReference; lastKnownFileType = sourcecode.swift; path = MainTabController.swift; sourceTree = "<group>"; };
		620B285B2135DB0C00F8D6F4 /* Base */ = {isa = PBXFileReference; lastKnownFileType = file.storyboard; name = Base; path = Base.lproj/Main.storyboard; sourceTree = "<group>"; };
		620B285D2135DB0D00F8D6F4 /* Assets.xcassets */ = {isa = PBXFileReference; lastKnownFileType = folder.assetcatalog; path = Assets.xcassets; sourceTree = "<group>"; };
		620B28602135DB0D00F8D6F4 /* Base */ = {isa = PBXFileReference; lastKnownFileType = file.storyboard; name = Base; path = Base.lproj/LaunchScreen.storyboard; sourceTree = "<group>"; };
		620B28622135DB0D00F8D6F4 /* Info.plist */ = {isa = PBXFileReference; lastKnownFileType = text.plist.xml; path = Info.plist; sourceTree = "<group>"; };
		620B286C2135DF4900F8D6F4 /* MapTracking.storyboard */ = {isa = PBXFileReference; lastKnownFileType = file.storyboard; path = MapTracking.storyboard; sourceTree = "<group>"; };
		620B286E2135DFFB00F8D6F4 /* Journeys.storyboard */ = {isa = PBXFileReference; lastKnownFileType = file.storyboard; path = Journeys.storyboard; sourceTree = "<group>"; };
		620B28742135E33E00F8D6F4 /* MapTrackingViewController.swift */ = {isa = PBXFileReference; lastKnownFileType = sourcecode.swift; path = MapTrackingViewController.swift; sourceTree = "<group>"; };
		620B28762135E34F00F8D6F4 /* JourneysViewController.swift */ = {isa = PBXFileReference; lastKnownFileType = sourcecode.swift; path = JourneysViewController.swift; sourceTree = "<group>"; };
		620B288F2136FAF000F8D6F4 /* Journey.swift */ = {isa = PBXFileReference; lastKnownFileType = sourcecode.swift; path = Journey.swift; sourceTree = "<group>"; };
		620B28932136FB7600F8D6F4 /* Coordinates.swift */ = {isa = PBXFileReference; lastKnownFileType = sourcecode.swift; path = Coordinates.swift; sourceTree = "<group>"; };
		620B28952136FDFC00F8D6F4 /* DatabaseManager.swift */ = {isa = PBXFileReference; lastKnownFileType = sourcecode.swift; path = DatabaseManager.swift; sourceTree = "<group>"; };
		620B28972136FF5D00F8D6F4 /* DatabaseManager+BasicOperations.swift */ = {isa = PBXFileReference; lastKnownFileType = sourcecode.swift; path = "DatabaseManager+BasicOperations.swift"; sourceTree = "<group>"; };
		620B289A2136FFE900F8D6F4 /* JourneyCreater.swift */ = {isa = PBXFileReference; lastKnownFileType = sourcecode.swift; path = JourneyCreater.swift; sourceTree = "<group>"; };
		620B289C2136FFF800F8D6F4 /* JourneyProvider.swift */ = {isa = PBXFileReference; lastKnownFileType = sourcecode.swift; path = JourneyProvider.swift; sourceTree = "<group>"; };
		620B289E2137020300F8D6F4 /* DatabaseManager+Journey.swift */ = {isa = PBXFileReference; lastKnownFileType = sourcecode.swift; path = "DatabaseManager+Journey.swift"; sourceTree = "<group>"; };
		620B28A221371A3200F8D6F4 /* JourneyTableViewCell.swift */ = {isa = PBXFileReference; lastKnownFileType = sourcecode.swift; path = JourneyTableViewCell.swift; sourceTree = "<group>"; };
		620B28B2213885F000F8D6F4 /* JourneysTableViewHeaderView.xib */ = {isa = PBXFileReference; lastKnownFileType = file.xib; path = JourneysTableViewHeaderView.xib; sourceTree = "<group>"; };
		620B28B4213886AA00F8D6F4 /* JourneysTableViewHeaderView.swift */ = {isa = PBXFileReference; lastKnownFileType = sourcecode.swift; path = JourneysTableViewHeaderView.swift; sourceTree = "<group>"; };
		620B28B821388BAA00F8D6F4 /* Journey.storyboard */ = {isa = PBXFileReference; lastKnownFileType = file.storyboard; path = Journey.storyboard; sourceTree = "<group>"; };
		620B28BA21388BBF00F8D6F4 /* JourneyViewController.swift */ = {isa = PBXFileReference; lastKnownFileType = sourcecode.swift; path = JourneyViewController.swift; sourceTree = "<group>"; };
		A61131C216C3A0B5B854FCC9 /* Pods-My Journey.release.xcconfig */ = {isa = PBXFileReference; includeInIndex = 1; lastKnownFileType = text.xcconfig; name = "Pods-My Journey.release.xcconfig"; path = "Pods/Target Support Files/Pods-My Journey/Pods-My Journey.release.xcconfig"; sourceTree = "<group>"; };
		BED38306C5B78D722466DD90 /* Pods_My_Journey.framework */ = {isa = PBXFileReference; explicitFileType = wrapper.framework; includeInIndex = 0; path = Pods_My_Journey.framework; sourceTree = BUILT_PRODUCTS_DIR; };
		CCDB54AD1C1282C576B70ACD /* Pods-My Journey.debug.xcconfig */ = {isa = PBXFileReference; includeInIndex = 1; lastKnownFileType = text.xcconfig; name = "Pods-My Journey.debug.xcconfig"; path = "Pods/Target Support Files/Pods-My Journey/Pods-My Journey.debug.xcconfig"; sourceTree = "<group>"; };
/* End PBXFileReference section */

/* Begin PBXFrameworksBuildPhase section */
		620B28502135DB0C00F8D6F4 /* Frameworks */ = {
			isa = PBXFrameworksBuildPhase;
			buildActionMask = 2147483647;
			files = (
				C2EA54CF7971C8C1DDBFBE28 /* Pods_My_Journey.framework in Frameworks */,
			);
			runOnlyForDeploymentPostprocessing = 0;
		};
/* End PBXFrameworksBuildPhase section */

/* Begin PBXGroup section */
		620B284A2135DB0C00F8D6F4 = {
			isa = PBXGroup;
			children = (
				620B28552135DB0C00F8D6F4 /* My Journey */,
				620B28542135DB0C00F8D6F4 /* Products */,
				E3427E4BF6C8A3FFAC727247 /* Pods */,
				A8D636B04B1F6CEE6DD22C91 /* Frameworks */,
			);
			sourceTree = "<group>";
		};
		620B28542135DB0C00F8D6F4 /* Products */ = {
			isa = PBXGroup;
			children = (
				620B28532135DB0C00F8D6F4 /* My Journey.app */,
			);
			name = Products;
			sourceTree = "<group>";
		};
		620B28552135DB0C00F8D6F4 /* My Journey */ = {
			isa = PBXGroup;
			children = (
				620B28622135DB0D00F8D6F4 /* Info.plist */,
				620B28692135DB9800F8D6F4 /* Core */,
				620B286A2135DBAC00F8D6F4 /* Screens */,
				620B286B2135DBB400F8D6F4 /* Resources */,
				620B28912136FAF500F8D6F4 /* Database */,
			);
			path = "My Journey";
			sourceTree = "<group>";
		};
		620B28692135DB9800F8D6F4 /* Core */ = {
			isa = PBXGroup;
			children = (
				620B28562135DB0C00F8D6F4 /* AppDelegate.swift */,
			);
			path = Core;
			sourceTree = "<group>";
		};
		620B286A2135DBAC00F8D6F4 /* Screens */ = {
			isa = PBXGroup;
			children = (
				620B28702135E02F00F8D6F4 /* Launchscreen */,
				620B28712135E27A00F8D6F4 /* Main */,
				620B28722135E28300F8D6F4 /* Map */,
				620B28732135E28B00F8D6F4 /* Journeys */,
				620B28BC21388BC600F8D6F4 /* Journey */,
			);
			path = Screens;
			sourceTree = "<group>";
		};
		620B286B2135DBB400F8D6F4 /* Resources */ = {
			isa = PBXGroup;
			children = (
				620B285D2135DB0D00F8D6F4 /* Assets.xcassets */,
			);
			path = Resources;
			sourceTree = "<group>";
		};
		620B28702135E02F00F8D6F4 /* Launchscreen */ = {
			isa = PBXGroup;
			children = (
				620B285F2135DB0D00F8D6F4 /* LaunchScreen.storyboard */,
			);
			path = Launchscreen;
			sourceTree = "<group>";
		};
		620B28712135E27A00F8D6F4 /* Main */ = {
			isa = PBXGroup;
			children = (
				620B28582135DB0C00F8D6F4 /* MainTabController.swift */,
				620B285A2135DB0C00F8D6F4 /* Main.storyboard */,
			);
			path = Main;
			sourceTree = "<group>";
		};
		620B28722135E28300F8D6F4 /* Map */ = {
			isa = PBXGroup;
			children = (
				620B286C2135DF4900F8D6F4 /* MapTracking.storyboard */,
				620B28742135E33E00F8D6F4 /* MapTrackingViewController.swift */,
			);
			path = Map;
			sourceTree = "<group>";
		};
		620B28732135E28B00F8D6F4 /* Journeys */ = {
			isa = PBXGroup;
			children = (
				620B286E2135DFFB00F8D6F4 /* Journeys.storyboard */,
				620B28762135E34F00F8D6F4 /* JourneysViewController.swift */,
				620B28B7213886D100F8D6F4 /* Cell */,
				620B28B6213886C700F8D6F4 /* Header */,
			);
			path = Journeys;
			sourceTree = "<group>";
		};
		620B28912136FAF500F8D6F4 /* Database */ = {
			isa = PBXGroup;
			children = (
				620B28922136FAFD00F8D6F4 /* Objects */,
				620B28992136FFD600F8D6F4 /* Base */,
				620B28A02137032000F8D6F4 /* Creaters */,
				620B28A12137032700F8D6F4 /* Providers */,
			);
			path = Database;
			sourceTree = "<group>";
		};
		620B28922136FAFD00F8D6F4 /* Objects */ = {
			isa = PBXGroup;
			children = (
				620B288F2136FAF000F8D6F4 /* Journey.swift */,
				620B28932136FB7600F8D6F4 /* Coordinates.swift */,
			);
			path = Objects;
			sourceTree = "<group>";
		};
		620B28992136FFD600F8D6F4 /* Base */ = {
			isa = PBXGroup;
			children = (
				620B28952136FDFC00F8D6F4 /* DatabaseManager.swift */,
				620B28972136FF5D00F8D6F4 /* DatabaseManager+BasicOperations.swift */,
				620B289E2137020300F8D6F4 /* DatabaseManager+Journey.swift */,
			);
			path = Base;
			sourceTree = "<group>";
		};
		620B28A02137032000F8D6F4 /* Creaters */ = {
			isa = PBXGroup;
			children = (
				620B289A2136FFE900F8D6F4 /* JourneyCreater.swift */,
			);
			path = Creaters;
			sourceTree = "<group>";
		};
		620B28A12137032700F8D6F4 /* Providers */ = {
			isa = PBXGroup;
			children = (
				620B289C2136FFF800F8D6F4 /* JourneyProvider.swift */,
			);
			path = Providers;
			sourceTree = "<group>";
		};
		620B28B6213886C700F8D6F4 /* Header */ = {
			isa = PBXGroup;
			children = (
				620B28B2213885F000F8D6F4 /* JourneysTableViewHeaderView.xib */,
				620B28B4213886AA00F8D6F4 /* JourneysTableViewHeaderView.swift */,
			);
			path = Header;
			sourceTree = "<group>";
		};
		620B28B7213886D100F8D6F4 /* Cell */ = {
			isa = PBXGroup;
			children = (
				620B28A221371A3200F8D6F4 /* JourneyTableViewCell.swift */,
			);
			path = Cell;
			sourceTree = "<group>";
		};
		620B28BC21388BC600F8D6F4 /* Journey */ = {
			isa = PBXGroup;
			children = (
				620B28B821388BAA00F8D6F4 /* Journey.storyboard */,
				620B28BA21388BBF00F8D6F4 /* JourneyViewController.swift */,
			);
			path = Journey;
			sourceTree = "<group>";
		};
		A8D636B04B1F6CEE6DD22C91 /* Frameworks */ = {
			isa = PBXGroup;
			children = (
				BED38306C5B78D722466DD90 /* Pods_My_Journey.framework */,
			);
			name = Frameworks;
			sourceTree = "<group>";
		};
		E3427E4BF6C8A3FFAC727247 /* Pods */ = {
			isa = PBXGroup;
			children = (
				CCDB54AD1C1282C576B70ACD /* Pods-My Journey.debug.xcconfig */,
				A61131C216C3A0B5B854FCC9 /* Pods-My Journey.release.xcconfig */,
			);
			name = Pods;
			sourceTree = "<group>";
		};
/* End PBXGroup section */

/* Begin PBXNativeTarget section */
		620B28522135DB0C00F8D6F4 /* My Journey */ = {
			isa = PBXNativeTarget;
			buildConfigurationList = 620B28652135DB0D00F8D6F4 /* Build configuration list for PBXNativeTarget "My Journey" */;
			buildPhases = (
				039A886E4F3A4320364FB30A /* [CP] Check Pods Manifest.lock */,
				620B284F2135DB0C00F8D6F4 /* Sources */,
				620B28502135DB0C00F8D6F4 /* Frameworks */,
				620B28512135DB0C00F8D6F4 /* Resources */,
				1BE4748902A2A1ACB1498DCF /* [CP] Embed Pods Frameworks */,
			);
			buildRules = (
			);
			dependencies = (
			);
			name = "My Journey";
			productName = "My Journey";
			productReference = 620B28532135DB0C00F8D6F4 /* My Journey.app */;
			productType = "com.apple.product-type.application";
		};
/* End PBXNativeTarget section */

/* Begin PBXProject section */
		620B284B2135DB0C00F8D6F4 /* Project object */ = {
			isa = PBXProject;
			attributes = {
				LastSwiftUpdateCheck = 0940;
				LastUpgradeCheck = 0940;
				ORGANIZATIONNAME = "Robert-TCode";
				TargetAttributes = {
					620B28522135DB0C00F8D6F4 = {
						CreatedOnToolsVersion = 9.4.1;
					};
				};
			};
			buildConfigurationList = 620B284E2135DB0C00F8D6F4 /* Build configuration list for PBXProject "My Journey" */;
			compatibilityVersion = "Xcode 9.3";
			developmentRegion = en;
			hasScannedForEncodings = 0;
			knownRegions = (
				en,
				Base,
			);
			mainGroup = 620B284A2135DB0C00F8D6F4;
			productRefGroup = 620B28542135DB0C00F8D6F4 /* Products */;
			projectDirPath = "";
			projectRoot = "";
			targets = (
				620B28522135DB0C00F8D6F4 /* My Journey */,
			);
		};
/* End PBXProject section */

/* Begin PBXResourcesBuildPhase section */
		620B28512135DB0C00F8D6F4 /* Resources */ = {
			isa = PBXResourcesBuildPhase;
			buildActionMask = 2147483647;
			files = (
				620B28B3213885F000F8D6F4 /* JourneysTableViewHeaderView.xib in Resources */,
				620B28612135DB0D00F8D6F4 /* LaunchScreen.storyboard in Resources */,
				620B285E2135DB0D00F8D6F4 /* Assets.xcassets in Resources */,
				620B28B921388BAA00F8D6F4 /* Journey.storyboard in Resources */,
				620B286D2135DF4900F8D6F4 /* MapTracking.storyboard in Resources */,
				620B286F2135DFFB00F8D6F4 /* Journeys.storyboard in Resources */,
				620B285C2135DB0C00F8D6F4 /* Main.storyboard in Resources */,
			);
			runOnlyForDeploymentPostprocessing = 0;
		};
/* End PBXResourcesBuildPhase section */

/* Begin PBXShellScriptBuildPhase section */
		039A886E4F3A4320364FB30A /* [CP] Check Pods Manifest.lock */ = {
			isa = PBXShellScriptBuildPhase;
			buildActionMask = 2147483647;
			files = (
			);
			inputPaths = (
				"${PODS_PODFILE_DIR_PATH}/Podfile.lock",
				"${PODS_ROOT}/Manifest.lock",
			);
			name = "[CP] Check Pods Manifest.lock";
			outputPaths = (
				"$(DERIVED_FILE_DIR)/Pods-My Journey-checkManifestLockResult.txt",
			);
			runOnlyForDeploymentPostprocessing = 0;
			shellPath = /bin/sh;
			shellScript = "diff \"${PODS_PODFILE_DIR_PATH}/Podfile.lock\" \"${PODS_ROOT}/Manifest.lock\" > /dev/null\nif [ $? != 0 ] ; then\n    # print error to STDERR\n    echo \"error: The sandbox is not in sync with the Podfile.lock. Run 'pod install' or update your CocoaPods installation.\" >&2\n    exit 1\nfi\n# This output is used by Xcode 'outputs' to avoid re-running this script phase.\necho \"SUCCESS\" > \"${SCRIPT_OUTPUT_FILE_0}\"\n";
			showEnvVarsInLog = 0;
		};
		1BE4748902A2A1ACB1498DCF /* [CP] Embed Pods Frameworks */ = {
			isa = PBXShellScriptBuildPhase;
			buildActionMask = 2147483647;
			files = (
			);
			inputPaths = (
				"${SRCROOT}/Pods/Target Support Files/Pods-My Journey/Pods-My Journey-frameworks.sh",
				"${BUILT_PRODUCTS_DIR}/Realm/Realm.framework",
				"${BUILT_PRODUCTS_DIR}/RealmSwift/RealmSwift.framework",
			);
			name = "[CP] Embed Pods Frameworks";
			outputPaths = (
				"${TARGET_BUILD_DIR}/${FRAMEWORKS_FOLDER_PATH}/Realm.framework",
				"${TARGET_BUILD_DIR}/${FRAMEWORKS_FOLDER_PATH}/RealmSwift.framework",
			);
			runOnlyForDeploymentPostprocessing = 0;
			shellPath = /bin/sh;
			shellScript = "\"${SRCROOT}/Pods/Target Support Files/Pods-My Journey/Pods-My Journey-frameworks.sh\"\n";
			showEnvVarsInLog = 0;
		};
/* End PBXShellScriptBuildPhase section */

/* Begin PBXSourcesBuildPhase section */
		620B284F2135DB0C00F8D6F4 /* Sources */ = {
			isa = PBXSourcesBuildPhase;
			buildActionMask = 2147483647;
			files = (
				620B28592135DB0C00F8D6F4 /* MainTabController.swift in Sources */,
				620B28BB21388BBF00F8D6F4 /* JourneyViewController.swift in Sources */,
				620B289B2136FFE900F8D6F4 /* JourneyCreater.swift in Sources */,
				620B289F2137020300F8D6F4 /* DatabaseManager+Journey.swift in Sources */,
				620B28982136FF5D00F8D6F4 /* DatabaseManager+BasicOperations.swift in Sources */,
				620B28A321371A3200F8D6F4 /* JourneyTableViewCell.swift in Sources */,
				620B28772135E34F00F8D6F4 /* JourneysViewController.swift in Sources */,
				620B28752135E33E00F8D6F4 /* MapTrackingViewController.swift in Sources */,
				620B28942136FB7600F8D6F4 /* Coordinates.swift in Sources */,
				620B28572135DB0C00F8D6F4 /* AppDelegate.swift in Sources */,
				620B28B5213886AA00F8D6F4 /* JourneysTableViewHeaderView.swift in Sources */,
				620B28902136FAF000F8D6F4 /* Journey.swift in Sources */,
				620B28962136FDFC00F8D6F4 /* DatabaseManager.swift in Sources */,
				620B289D2136FFF800F8D6F4 /* JourneyProvider.swift in Sources */,
			);
			runOnlyForDeploymentPostprocessing = 0;
		};
/* End PBXSourcesBuildPhase section */

/* Begin PBXVariantGroup section */
		620B285A2135DB0C00F8D6F4 /* Main.storyboard */ = {
			isa = PBXVariantGroup;
			children = (
				620B285B2135DB0C00F8D6F4 /* Base */,
			);
			name = Main.storyboard;
			sourceTree = "<group>";
		};
		620B285F2135DB0D00F8D6F4 /* LaunchScreen.storyboard */ = {
			isa = PBXVariantGroup;
			children = (
				620B28602135DB0D00F8D6F4 /* Base */,
			);
			name = LaunchScreen.storyboard;
			sourceTree = "<group>";
		};
/* End PBXVariantGroup section */

/* Begin XCBuildConfiguration section */
		620B28632135DB0D00F8D6F4 /* Debug */ = {
			isa = XCBuildConfiguration;
			buildSettings = {
				ALWAYS_SEARCH_USER_PATHS = NO;
				CLANG_ANALYZER_NONNULL = YES;
				CLANG_ANALYZER_NUMBER_OBJECT_CONVERSION = YES_AGGRESSIVE;
				CLANG_CXX_LANGUAGE_STANDARD = "gnu++14";
				CLANG_CXX_LIBRARY = "libc++";
				CLANG_ENABLE_MODULES = YES;
				CLANG_ENABLE_OBJC_ARC = YES;
				CLANG_ENABLE_OBJC_WEAK = YES;
				CLANG_WARN_BLOCK_CAPTURE_AUTORELEASING = YES;
				CLANG_WARN_BOOL_CONVERSION = YES;
				CLANG_WARN_COMMA = YES;
				CLANG_WARN_CONSTANT_CONVERSION = YES;
				CLANG_WARN_DEPRECATED_OBJC_IMPLEMENTATIONS = YES;
				CLANG_WARN_DIRECT_OBJC_ISA_USAGE = YES_ERROR;
				CLANG_WARN_DOCUMENTATION_COMMENTS = YES;
				CLANG_WARN_EMPTY_BODY = YES;
				CLANG_WARN_ENUM_CONVERSION = YES;
				CLANG_WARN_INFINITE_RECURSION = YES;
				CLANG_WARN_INT_CONVERSION = YES;
				CLANG_WARN_NON_LITERAL_NULL_CONVERSION = YES;
				CLANG_WARN_OBJC_IMPLICIT_RETAIN_SELF = YES;
				CLANG_WARN_OBJC_LITERAL_CONVERSION = YES;
				CLANG_WARN_OBJC_ROOT_CLASS = YES_ERROR;
				CLANG_WARN_RANGE_LOOP_ANALYSIS = YES;
				CLANG_WARN_STRICT_PROTOTYPES = YES;
				CLANG_WARN_SUSPICIOUS_MOVE = YES;
				CLANG_WARN_UNGUARDED_AVAILABILITY = YES_AGGRESSIVE;
				CLANG_WARN_UNREACHABLE_CODE = YES;
				CLANG_WARN__DUPLICATE_METHOD_MATCH = YES;
				CODE_SIGN_IDENTITY = "iPhone Developer";
				COPY_PHASE_STRIP = NO;
				DEBUG_INFORMATION_FORMAT = dwarf;
				ENABLE_STRICT_OBJC_MSGSEND = YES;
				ENABLE_TESTABILITY = YES;
				GCC_C_LANGUAGE_STANDARD = gnu11;
				GCC_DYNAMIC_NO_PIC = NO;
				GCC_NO_COMMON_BLOCKS = YES;
				GCC_OPTIMIZATION_LEVEL = 0;
				GCC_PREPROCESSOR_DEFINITIONS = (
					"DEBUG=1",
					"$(inherited)",
				);
				GCC_WARN_64_TO_32_BIT_CONVERSION = YES;
				GCC_WARN_ABOUT_RETURN_TYPE = YES_ERROR;
				GCC_WARN_UNDECLARED_SELECTOR = YES;
				GCC_WARN_UNINITIALIZED_AUTOS = YES_AGGRESSIVE;
				GCC_WARN_UNUSED_FUNCTION = YES;
				GCC_WARN_UNUSED_VARIABLE = YES;
				IPHONEOS_DEPLOYMENT_TARGET = 11.4;
				MTL_ENABLE_DEBUG_INFO = YES;
				ONLY_ACTIVE_ARCH = YES;
				SDKROOT = iphoneos;
				SWIFT_ACTIVE_COMPILATION_CONDITIONS = DEBUG;
				SWIFT_OPTIMIZATION_LEVEL = "-Onone";
			};
			name = Debug;
		};
		620B28642135DB0D00F8D6F4 /* Release */ = {
			isa = XCBuildConfiguration;
			buildSettings = {
				ALWAYS_SEARCH_USER_PATHS = NO;
				CLANG_ANALYZER_NONNULL = YES;
				CLANG_ANALYZER_NUMBER_OBJECT_CONVERSION = YES_AGGRESSIVE;
				CLANG_CXX_LANGUAGE_STANDARD = "gnu++14";
				CLANG_CXX_LIBRARY = "libc++";
				CLANG_ENABLE_MODULES = YES;
				CLANG_ENABLE_OBJC_ARC = YES;
				CLANG_ENABLE_OBJC_WEAK = YES;
				CLANG_WARN_BLOCK_CAPTURE_AUTORELEASING = YES;
				CLANG_WARN_BOOL_CONVERSION = YES;
				CLANG_WARN_COMMA = YES;
				CLANG_WARN_CONSTANT_CONVERSION = YES;
				CLANG_WARN_DEPRECATED_OBJC_IMPLEMENTATIONS = YES;
				CLANG_WARN_DIRECT_OBJC_ISA_USAGE = YES_ERROR;
				CLANG_WARN_DOCUMENTATION_COMMENTS = YES;
				CLANG_WARN_EMPTY_BODY = YES;
				CLANG_WARN_ENUM_CONVERSION = YES;
				CLANG_WARN_INFINITE_RECURSION = YES;
				CLANG_WARN_INT_CONVERSION = YES;
				CLANG_WARN_NON_LITERAL_NULL_CONVERSION = YES;
				CLANG_WARN_OBJC_IMPLICIT_RETAIN_SELF = YES;
				CLANG_WARN_OBJC_LITERAL_CONVERSION = YES;
				CLANG_WARN_OBJC_ROOT_CLASS = YES_ERROR;
				CLANG_WARN_RANGE_LOOP_ANALYSIS = YES;
				CLANG_WARN_STRICT_PROTOTYPES = YES;
				CLANG_WARN_SUSPICIOUS_MOVE = YES;
				CLANG_WARN_UNGUARDED_AVAILABILITY = YES_AGGRESSIVE;
				CLANG_WARN_UNREACHABLE_CODE = YES;
				CLANG_WARN__DUPLICATE_METHOD_MATCH = YES;
				CODE_SIGN_IDENTITY = "iPhone Developer";
				COPY_PHASE_STRIP = NO;
				DEBUG_INFORMATION_FORMAT = "dwarf-with-dsym";
				ENABLE_NS_ASSERTIONS = NO;
				ENABLE_STRICT_OBJC_MSGSEND = YES;
				GCC_C_LANGUAGE_STANDARD = gnu11;
				GCC_NO_COMMON_BLOCKS = YES;
				GCC_WARN_64_TO_32_BIT_CONVERSION = YES;
				GCC_WARN_ABOUT_RETURN_TYPE = YES_ERROR;
				GCC_WARN_UNDECLARED_SELECTOR = YES;
				GCC_WARN_UNINITIALIZED_AUTOS = YES_AGGRESSIVE;
				GCC_WARN_UNUSED_FUNCTION = YES;
				GCC_WARN_UNUSED_VARIABLE = YES;
				IPHONEOS_DEPLOYMENT_TARGET = 11.4;
				MTL_ENABLE_DEBUG_INFO = NO;
				SDKROOT = iphoneos;
				SWIFT_COMPILATION_MODE = wholemodule;
				SWIFT_OPTIMIZATION_LEVEL = "-O";
				VALIDATE_PRODUCT = YES;
			};
			name = Release;
		};
		620B28662135DB0D00F8D6F4 /* Debug */ = {
			isa = XCBuildConfiguration;
			baseConfigurationReference = CCDB54AD1C1282C576B70ACD /* Pods-My Journey.debug.xcconfig */;
			buildSettings = {
				ASSETCATALOG_COMPILER_APPICON_NAME = AppIcon;
				CODE_SIGN_STYLE = Automatic;
				DEVELOPMENT_TEAM = 9EEF7FYUVP;
				INFOPLIST_FILE = "My Journey/Info.plist";
				LD_RUNPATH_SEARCH_PATHS = (
					"$(inherited)",
					"@executable_path/Frameworks",
				);
				PRODUCT_BUNDLE_IDENTIFIER = "com.Robert-TCode.My-Journey";
				PRODUCT_NAME = "$(TARGET_NAME)";
				SWIFT_VERSION = 4.0;
				TARGETED_DEVICE_FAMILY = "1,2";
			};
			name = Debug;
		};
		620B28672135DB0D00F8D6F4 /* Release */ = {
			isa = XCBuildConfiguration;
			baseConfigurationReference = A61131C216C3A0B5B854FCC9 /* Pods-My Journey.release.xcconfig */;
			buildSettings = {
				ASSETCATALOG_COMPILER_APPICON_NAME = AppIcon;
				CODE_SIGN_STYLE = Automatic;
				DEVELOPMENT_TEAM = 9EEF7FYUVP;
				INFOPLIST_FILE = "My Journey/Info.plist";
				LD_RUNPATH_SEARCH_PATHS = (
					"$(inherited)",
					"@executable_path/Frameworks",
				);
				PRODUCT_BUNDLE_IDENTIFIER = "com.Robert-TCode.My-Journey";
				PRODUCT_NAME = "$(TARGET_NAME)";
				SWIFT_VERSION = 4.0;
				TARGETED_DEVICE_FAMILY = "1,2";
			};
			name = Release;
		};
/* End XCBuildConfiguration section */

/* Begin XCConfigurationList section */
		620B284E2135DB0C00F8D6F4 /* Build configuration list for PBXProject "My Journey" */ = {
			isa = XCConfigurationList;
			buildConfigurations = (
				620B28632135DB0D00F8D6F4 /* Debug */,
				620B28642135DB0D00F8D6F4 /* Release */,
			);
			defaultConfigurationIsVisible = 0;
			defaultConfigurationName = Release;
		};
		620B28652135DB0D00F8D6F4 /* Build configuration list for PBXNativeTarget "My Journey" */ = {
			isa = XCConfigurationList;
			buildConfigurations = (
				620B28662135DB0D00F8D6F4 /* Debug */,
				620B28672135DB0D00F8D6F4 /* Release */,
			);
			defaultConfigurationIsVisible = 0;
			defaultConfigurationName = Release;
		};
/* End XCConfigurationList section */
	};
	rootObject = 620B284B2135DB0C00F8D6F4 /* Project object */;
}
